
Microsoft Visual Studio Solution File, Format Version 12.00
# Visual Studio Version 17
VisualStudioVersion = 17.2.32630.192
MinimumVisualStudioVersion = 10.0.40219.1
Project("{FAE04EC0-301F-11D3-BF4B-00C04F79EFBC}") = "TpToolsTabControl", "TapControlDemo\TpToolsTabControl.csproj", "{8157842E-7993-452B-AEA7-0F8E2E027328}"
EndProject
Global
	GlobalSection(SolutionConfigurationPlatforms) = preSolution
		Debug|Any CPU = Debug|Any CPU
		Release|Any CPU = Release|Any CPU
	EndGlobalSection
	GlobalSection(ProjectConfigurationPlatforms) = postSolution
		{8157842E-7993-452B-AEA7-0F8E2E027328}.Debug|Any CPU.ActiveCfg = Debug|Any CPU
		{8157842E-7993-452B-AEA7-0F8E2E027328}.Debug|Any CPU.Build.0 = Debug|Any CPU
		{8157842E-7993-452B-AEA7-0F8E2E027328}.Release|Any CPU.ActiveCfg = Release|Any CPU
		{8157842E-7993-452B-AEA7-0F8E2E027328}.Release|Any CPU.Build.0 = Release|Any CPU
	EndGlobalSection
	GlobalSection(SolutionProperties) = preSolution
		HideSolutionNode = FALSE
	EndGlobalSection
	GlobalSection(ExtensibilityGlobals) = postSolution
		SolutionGuid = {4ED42821-5A23-4171-A9EE-D9C5A3771DC0}
	EndGlobalSection
EndGlobal
